<?xml version="1.0" encoding="utf-8"?>
<Project ToolsVersion="4.0" xmlns="http://schemas.microsoft.com/developer/msbuild/2003">
  <ItemGroup>
    <Filter Include="Source Files">
      <UniqueIdentifier>{4FC737F1-C7A5-4376-A066-2A32D752A2FF}</UniqueIdentifier>
      <Extensions>cpp;c;cc;cxx;def;odl;idl;hpj;bat;asm;asmx</Extensions>
    </Filter>
    <Filter Include="Header Files">
      <UniqueIdentifier>{93995380-89BD-4b04-88EB-625FBE52EBFB}</UniqueIdentifier>
      <Extensions>h;hh;hpp;hxx;hm;inl;inc;xsd</Extensions>
    </Filter>
    <Filter Include="Resource Files">
      <UniqueIdentifier>{67DA6AB6-F800-4c08-8B7A-83BB121AAD01}</UniqueIdentifier>
      <Extensions>rc;ico;cur;bmp;dlg;rc2;rct;bin;rgs;gif;jpg;jpeg;jpe;resx;tiff;tif;png;wav;mfcribbon-ms</Extensions>
    </Filter>
    <Filter Include="src">
      <UniqueIdentifier>{525f4cb4-ea62-4610-9f7a-2224e7fdb6bd}</UniqueIdentifier>
    </Filter>
    <Filter Include="config">
      <UniqueIdentifier>{d94dd9d9-20fd-4b5b-a8c0-de767ffce272}</UniqueIdentifier>
    </Filter>
    <Filter Include="src\win32">
      <UniqueIdentifier>{4a6d96f6-5971-4794-93c9-e7da05b5172b}</UniqueIdentifier>
    </Filter>
    <Filter Include="src\win32\core">
      <UniqueIdentifier>{12a1574b-a5bc-4435-877f-ee903657918f}</UniqueIdentifier>
    </Filter>
    <Filter Include="src\win32\Gui">
      <UniqueIdentifier>{ad7d8e7f-3ff4-488e-9ef0-3b300a817565}</UniqueIdentifier>
    </Filter>
  </ItemGroup>
  <ItemGroup>
    <ClInclude Include="..\include\config\stdconfig.h">
      <Filter>config</Filter>
    </ClInclude>
    <ClInclude Include="..\include\config\typeconfig.h">
      <Filter>config</Filter>
    </ClInclude>
    <ClInclude Include="..\include\config\win32utils.h">
      <Filter>config</Filter>
    </ClInclude>
    <ClInclude Include="..\include\config\config.h">
      <Filter>config</Filter>
    </ClInclude>
    <ClInclude Include="..\include\config\log.h">
      <Filter>config</Filter>
    </ClInclude>
    <ClInclude Include="..\include\config\macroconfig.h">
      <Filter>config</Filter>
    </ClInclude>
    <ClInclude Include="..\include\config\platformconfig.h">
      <Filter>config</Filter>
    </ClInclude>
    <ClInclude Include="src\layout.h">
      <Filter>src</Filter>
    </ClInclude>
    <ClInclude Include="..\include\config\point.h">
      <Filter>config</Filter>
    </ClInclude>
    <ClInclude Include="..\include\config\rect.h">
      <Filter>config</Filter>
    </ClInclude>
    <ClInclude Include="src\window.h">
      <Filter>src\win32</Filter>
    </ClInclude>
    <ClInclude Include="src\winobject.h">
      <Filter>src\win32</Filter>
    </ClInclude>
    <ClInclude Include="src\wincore.h">
      <Filter>src\win32</Filter>
    </ClInclude>
    <ClInclude Include="src\application.h">
      <Filter>src\win32</Filter>
    </ClInclude>
    <ClInclude Include="src\mainwindow.h">
      <Filter>src</Filter>
    </ClInclude>
    <ClInclude Include="src\custombutton.h">
      <Filter>src</Filter>
    </ClInclude>
    <ClInclude Include="src\splitter.h">
      <Filter>src\win32</Filter>
    </ClInclude>
    <ClInclude Include="src\gdiobj.h">
      <Filter>src\win32\core</Filter>
    </ClInclude>
    <ClInclude Include="src\gdi+.h">
      <Filter>src\win32\core</Filter>
    </ClInclude>
    <ClInclude Include="src\treeview.h">
      <Filter>src\win32</Filter>
    </ClInclude>
    <ClInclude Include="src\listbox.h">
      <Filter>src</Filter>
    </ClInclude>
    <ClInclude Include="src\colordef.h">
      <Filter>src\win32\core</Filter>
    </ClInclude>
    <ClInclude Include="src\combobox.h">
      <Filter>src\win32\Gui</Filter>
    </ClInclude>
    <ClInclude Include="src\button.h">
      <Filter>src\win32\Gui</Filter>
    </ClInclude>
    <ClInclude Include="src\event.h">
      <Filter>src\win32\core</Filter>
    </ClInclude>
    <ClInclude Include="src\painter.h">
      <Filter>src\win32\core</Filter>
    </ClInclude>
    <ClInclude Include="src\polygon.h">
      <Filter>src\win32\core</Filter>
    </ClInclude>
    <ClInclude Include="src\widget.h">
      <Filter>src\win32\Gui</Filter>
    </ClInclude>
    <ClInclude Include="src\lineedit.h">
      <Filter>src\win32\Gui</Filter>
    </ClInclude>
  </ItemGroup>
  <ItemGroup>
    <ClCompile Include="src\layout.cpp">
      <Filter>src</Filter>
    </ClCompile>
    <ClCompile Include="src\main.cpp">
      <Filter>src</Filter>
    </ClCompile>
    <ClCompile Include="src\window.cpp">
      <Filter>src\win32</Filter>
    </ClCompile>
    <ClCompile Include="src\winobject.cpp">
      <Filter>src\win32</Filter>
    </ClCompile>
    <ClCompile Include="src\wincore.cpp">
      <Filter>src\win32</Filter>
    </ClCompile>
    <ClCompile Include="src\application.cpp">
      <Filter>src\win32</Filter>
    </ClCompile>
    <ClCompile Include="src\mainwindow.cpp">
      <Filter>src</Filter>
    </ClCompile>
    <ClCompile Include="src\splitter.cpp">
      <Filter>src\win32</Filter>
    </ClCompile>
    <ClCompile Include="src\gdiobj.cpp">
      <Filter>src\win32\core</Filter>
    </ClCompile>
    <ClCompile Include="src\treeview.cpp">
      <Filter>src\win32</Filter>
    </ClCompile>
    <ClCompile Include="src\listbox.cpp">
      <Filter>src</Filter>
    </ClCompile>
    <ClCompile Include="src\combobox.cpp">
      <Filter>src\win32\Gui</Filter>
    </ClCompile>
    <ClCompile Include="src\button.cpp">
      <Filter>src\win32\Gui</Filter>
    </ClCompile>
    <ClCompile Include="src\painter.cpp">
      <Filter>src\win32\core</Filter>
    </ClCompile>
    <ClCompile Include="src\widget.cpp">
      <Filter>src\win32\Gui</Filter>
    </ClCompile>
    <ClCompile Include="src\lineedit.cpp">
      <Filter>src\win32\Gui</Filter>
    </ClCompile>
  </ItemGroup>
</Project>